// !$*UTF8*$!
{
	archiveVersion = 1;
	classes = {
	};
	objectVersion = 56;
	objects = {

/* Begin PBXBuildFile section */
		5508CCC72B855F26006853B0 /* HistoryTableViewCell.swift in Sources */ = {isa = PBXBuildFile; fileRef = 5508CCC62B855F26006853B0 /* HistoryTableViewCell.swift */; };
		5508CCC92B855FD6006853B0 /* HistoryTableViewCell.xib in Resources */ = {isa = PBXBuildFile; fileRef = 5508CCC82B855FD6006853B0 /* HistoryTableViewCell.xib */; };
		5526D4DB2B69864200BCD570 /* AppDelegate.swift in Sources */ = {isa = PBXBuildFile; fileRef = 5526D4DA2B69864200BCD570 /* AppDelegate.swift */; };
		5526D4DD2B69864200BCD570 /* SceneDelegate.swift in Sources */ = {isa = PBXBuildFile; fileRef = 5526D4DC2B69864200BCD570 /* SceneDelegate.swift */; };
		5526D4DF2B69864200BCD570 /* ViewController.swift in Sources */ = {isa = PBXBuildFile; fileRef = 5526D4DE2B69864200BCD570 /* ViewController.swift */; };
		5526D4E22B69864200BCD570 /* Main.storyboard in Resources */ = {isa = PBXBuildFile; fileRef = 5526D4E02B69864200BCD570 /* Main.storyboard */; };
		5526D4E42B69864300BCD570 /* Assets.xcassets in Resources */ = {isa = PBXBuildFile; fileRef = 5526D4E32B69864300BCD570 /* Assets.xcassets */; };
		5526D4E72B69864300BCD570 /* LaunchScreen.storyboard in Resources */ = {isa = PBXBuildFile; fileRef = 5526D4E52B69864300BCD570 /* LaunchScreen.storyboard */; };
		5526D4F22B69864300BCD570 /* TinkoffCalculatorTests.swift in Sources */ = {isa = PBXBuildFile; fileRef = 5526D4F12B69864300BCD570 /* TinkoffCalculatorTests.swift */; };
		5526D4FC2B69864300BCD570 /* TinkoffCalculatorUITests.swift in Sources */ = {isa = PBXBuildFile; fileRef = 5526D4FB2B69864300BCD570 /* TinkoffCalculatorUITests.swift */; };
		5526D4FE2B69864300BCD570 /* TinkoffCalculatorUITestsLaunchTests.swift in Sources */ = {isa = PBXBuildFile; fileRef = 5526D4FD2B69864300BCD570 /* TinkoffCalculatorUITestsLaunchTests.swift */; };
		5551F45A2B869720007604C8 /* Storage.swift in Sources */ = {isa = PBXBuildFile; fileRef = 5551F4592B869720007604C8 /* Storage.swift */; };
		558B4F0A2B75802700B1B78F /* CalculationsListViewController.swift in Sources */ = {isa = PBXBuildFile; fileRef = 558B4F092B75802700B1B78F /* CalculationsListViewController.swift */; };
/* End PBXBuildFile section */

/* Begin PBXContainerItemProxy section */
		5526D4EE2B69864300BCD570 /* PBXContainerItemProxy */ = {
			isa = PBXContainerItemProxy;
			containerPortal = 5526D4CF2B69864200BCD570 /* Project object */;
			proxyType = 1;
			remoteGlobalIDString = 5526D4D62B69864200BCD570;
			remoteInfo = TinkoffCalculator;
		};
		5526D4F82B69864300BCD570 /* PBXContainerItemProxy */ = {
			isa = PBXContainerItemProxy;
			containerPortal = 5526D4CF2B69864200BCD570 /* Project object */;
			proxyType = 1;
			remoteGlobalIDString = 5526D4D62B69864200BCD570;
			remoteInfo = TinkoffCalculator;
		};
/* End PBXContainerItemProxy section */

/* Begin PBXFileReference section */
		5508CCC62B855F26006853B0 /* HistoryTableViewCell.swift */ = {isa = PBXFileReference; lastKnownFileType = sourcecode.swift; path = HistoryTableViewCell.swift; sourceTree = "<group>"; };
		5508CCC82B855FD6006853B0 /* HistoryTableViewCell.xib */ = {isa = PBXFileReference; lastKnownFileType = file.xib; path = HistoryTableViewCell.xib; sourceTree = "<group>"; };
		5526D4D72B69864200BCD570 /* TinkoffCalculator.app */ = {isa = PBXFileReference; explicitFileType = wrapper.application; includeInIndex = 0; path = TinkoffCalculator.app; sourceTree = BUILT_PRODUCTS_DIR; };
		5526D4DA2B69864200BCD570 /* AppDelegate.swift */ = {isa = PBXFileReference; lastKnownFileType = sourcecode.swift; path = AppDelegate.swift; sourceTree = "<group>"; };
		5526D4DC2B69864200BCD570 /* SceneDelegate.swift */ = {isa = PBXFileReference; lastKnownFileType = sourcecode.swift; path = SceneDelegate.swift; sourceTree = "<group>"; };
		5526D4DE2B69864200BCD570 /* ViewController.swift */ = {isa = PBXFileReference; lastKnownFileType = sourcecode.swift; path = ViewController.swift; sourceTree = "<group>"; };
		5526D4E12B69864200BCD570 /* Base */ = {isa = PBXFileReference; lastKnownFileType = file.storyboard; name = Base; path = Base.lproj/Main.storyboard; sourceTree = "<group>"; };
		5526D4E32B69864300BCD570 /* Assets.xcassets */ = {isa = PBXFileReference; lastKnownFileType = folder.assetcatalog; path = Assets.xcassets; sourceTree = "<group>"; };
		5526D4E62B69864300BCD570 /* Base */ = {isa = PBXFileReference; lastKnownFileType = file.storyboard; name = Base; path = Base.lproj/LaunchScreen.storyboard; sourceTree = "<group>"; };
		5526D4E82B69864300BCD570 /* Info.plist */ = {isa = PBXFileReference; lastKnownFileType = text.plist.xml; path = Info.plist; sourceTree = "<group>"; };
		5526D4ED2B69864300BCD570 /* TinkoffCalculatorTests.xctest */ = {isa = PBXFileReference; explicitFileType = wrapper.cfbundle; includeInIndex = 0; path = TinkoffCalculatorTests.xctest; sourceTree = BUILT_PRODUCTS_DIR; };
		5526D4F12B69864300BCD570 /* TinkoffCalculatorTests.swift */ = {isa = PBXFileReference; lastKnownFileType = sourcecode.swift; path = TinkoffCalculatorTests.swift; sourceTree = "<group>"; };
		5526D4F72B69864300BCD570 /* TinkoffCalculatorUITests.xctest */ = {isa = PBXFileReference; explicitFileType = wrapper.cfbundle; includeInIndex = 0; path = TinkoffCalculatorUITests.xctest; sourceTree = BUILT_PRODUCTS_DIR; };
		5526D4FB2B69864300BCD570 /* TinkoffCalculatorUITests.swift */ = {isa = PBXFileReference; lastKnownFileType = sourcecode.swift; path = TinkoffCalculatorUITests.swift; sourceTree = "<group>"; };
		5526D4FD2B69864300BCD570 /* TinkoffCalculatorUITestsLaunchTests.swift */ = {isa = PBXFileReference; lastKnownFileType = sourcecode.swift; path = TinkoffCalculatorUITestsLaunchTests.swift; sourceTree = "<group>"; };
		5551F4592B869720007604C8 /* Storage.swift */ = {isa = PBXFileReference; lastKnownFileType = sourcecode.swift; path = Storage.swift; sourceTree = "<group>"; };
		558B4F092B75802700B1B78F /* CalculationsListViewController.swift */ = {isa = PBXFileReference; lastKnownFileType = sourcecode.swift; path = CalculationsListViewController.swift; sourceTree = "<group>"; };
/* End PBXFileReference section */

/* Begin PBXFrameworksBuildPhase section */
		5526D4D42B69864200BCD570 /* Frameworks */ = {
			isa = PBXFrameworksBuildPhase;
			buildActionMask = 2147483647;
			files = (
			);
			runOnlyForDeploymentPostprocessing = 0;
		};
		5526D4EA2B69864300BCD570 /* Frameworks */ = {
			isa = PBXFrameworksBuildPhase;
			buildActionMask = 2147483647;
			files = (
			);
			runOnlyForDeploymentPostprocessing = 0;
		};
		5526D4F42B69864300BCD570 /* Frameworks */ = {
			isa = PBXFrameworksBuildPhase;
			buildActionMask = 2147483647;
			files = (
			);
			runOnlyForDeploymentPostprocessing = 0;
		};
/* End PBXFrameworksBuildPhase section */

/* Begin PBXGroup section */
		5508CCC52B855EDD006853B0 /* History */ = {
			isa = PBXGroup;
			children = (
				558B4F092B75802700B1B78F /* CalculationsListViewController.swift */,
				5508CCC62B855F26006853B0 /* HistoryTableViewCell.swift */,
				5508CCC82B855FD6006853B0 /* HistoryTableViewCell.xib */,
			);
			path = History;
			sourceTree = "<group>";
		};
		5526D4CE2B69864200BCD570 = {
			isa = PBXGroup;
			children = (
				5526D4D92B69864200BCD570 /* TinkoffCalculator */,
				5526D4F02B69864300BCD570 /* TinkoffCalculatorTests */,
				5526D4FA2B69864300BCD570 /* TinkoffCalculatorUITests */,
				5526D4D82B69864200BCD570 /* Products */,
			);
			sourceTree = "<group>";
		};
		5526D4D82B69864200BCD570 /* Products */ = {
			isa = PBXGroup;
			children = (
				5526D4D72B69864200BCD570 /* TinkoffCalculator.app */,
				5526D4ED2B69864300BCD570 /* TinkoffCalculatorTests.xctest */,
				5526D4F72B69864300BCD570 /* TinkoffCalculatorUITests.xctest */,
			);
			name = Products;
			sourceTree = "<group>";
		};
		5526D4D92B69864200BCD570 /* TinkoffCalculator */ = {
			isa = PBXGroup;
			children = (
				5551F4582B8696CC007604C8 /* Storage */,
				5508CCC52B855EDD006853B0 /* History */,
				5526D4DA2B69864200BCD570 /* AppDelegate.swift */,
				5526D4DC2B69864200BCD570 /* SceneDelegate.swift */,
				5526D4DE2B69864200BCD570 /* ViewController.swift */,
				5526D4E02B69864200BCD570 /* Main.storyboard */,
				5526D4E32B69864300BCD570 /* Assets.xcassets */,
				5526D4E52B69864300BCD570 /* LaunchScreen.storyboard */,
				5526D4E82B69864300BCD570 /* Info.plist */,
			);
			path = TinkoffCalculator;
			sourceTree = "<group>";
		};
		5526D4F02B69864300BCD570 /* TinkoffCalculatorTests */ = {
			isa = PBXGroup;
			children = (
				5526D4F12B69864300BCD570 /* TinkoffCalculatorTests.swift */,
			);
			path = TinkoffCalculatorTests;
			sourceTree = "<group>";
		};
		5526D4FA2B69864300BCD570 /* TinkoffCalculatorUITests */ = {
			isa = PBXGroup;
			children = (
				5526D4FB2B69864300BCD570 /* TinkoffCalculatorUITests.swift */,
				5526D4FD2B69864300BCD570 /* TinkoffCalculatorUITestsLaunchTests.swift */,
			);
			path = TinkoffCalculatorUITests;
			sourceTree = "<group>";
		};
		5551F4582B8696CC007604C8 /* Storage */ = {
			isa = PBXGroup;
			children = (
				5551F4592B869720007604C8 /* Storage.swift */,
			);
			path = Storage;
			sourceTree = "<group>";
		};
/* End PBXGroup section */

/* Begin PBXNativeTarget section */
		5526D4D62B69864200BCD570 /* TinkoffCalculator */ = {
			isa = PBXNativeTarget;
			buildConfigurationList = 5526D5012B69864300BCD570 /* Build configuration list for PBXNativeTarget "TinkoffCalculator" */;
			buildPhases = (
				5526D4D32B69864200BCD570 /* Sources */,
				5526D4D42B69864200BCD570 /* Frameworks */,
				5526D4D52B69864200BCD570 /* Resources */,
			);
			buildRules = (
			);
			dependencies = (
			);
			name = TinkoffCalculator;
			productName = TinkoffCalculator;
			productReference = 5526D4D72B69864200BCD570 /* TinkoffCalculator.app */;
			productType = "com.apple.product-type.application";
		};
		5526D4EC2B69864300BCD570 /* TinkoffCalculatorTests */ = {
			isa = PBXNativeTarget;
			buildConfigurationList = 5526D5042B69864300BCD570 /* Build configuration list for PBXNativeTarget "TinkoffCalculatorTests" */;
			buildPhases = (
				5526D4E92B69864300BCD570 /* Sources */,
				5526D4EA2B69864300BCD570 /* Frameworks */,
				5526D4EB2B69864300BCD570 /* Resources */,
			);
			buildRules = (
			);
			dependencies = (
				5526D4EF2B69864300BCD570 /* PBXTargetDependency */,
			);
			name = TinkoffCalculatorTests;
			productName = TinkoffCalculatorTests;
			productReference = 5526D4ED2B69864300BCD570 /* TinkoffCalculatorTests.xctest */;
			productType = "com.apple.product-type.bundle.unit-test";
		};
		5526D4F62B69864300BCD570 /* TinkoffCalculatorUITests */ = {
			isa = PBXNativeTarget;
			buildConfigurationList = 5526D5072B69864300BCD570 /* Build configuration list for PBXNativeTarget "TinkoffCalculatorUITests" */;
			buildPhases = (
				5526D4F32B69864300BCD570 /* Sources */,
				5526D4F42B69864300BCD570 /* Frameworks */,
				5526D4F52B69864300BCD570 /* Resources */,
			);
			buildRules = (
			);
			dependencies = (
				5526D4F92B69864300BCD570 /* PBXTargetDependency */,
			);
			name = TinkoffCalculatorUITests;
			productName = TinkoffCalculatorUITests;
			productReference = 5526D4F72B69864300BCD570 /* TinkoffCalculatorUITests.xctest */;
			productType = "com.apple.product-type.bundle.ui-testing";
		};
/* End PBXNativeTarget section */

/* Begin PBXProject section */
		5526D4CF2B69864200BCD570 /* Project object */ = {
			isa = PBXProject;
			attributes = {
				BuildIndependentTargetsInParallel = 1;
				LastSwiftUpdateCheck = 1520;
				LastUpgradeCheck = 1520;
				TargetAttributes = {
					5526D4D62B69864200BCD570 = {
						CreatedOnToolsVersion = 15.2;
					};
					5526D4EC2B69864300BCD570 = {
						CreatedOnToolsVersion = 15.2;
						TestTargetID = 5526D4D62B69864200BCD570;
					};
					5526D4F62B69864300BCD570 = {
						CreatedOnToolsVersion = 15.2;
						TestTargetID = 5526D4D62B69864200BCD570;
					};
				};
			};
			buildConfigurationList = 5526D4D22B69864200BCD570 /* Build configuration list for PBXProject "TinkoffCalculator" */;
			compatibilityVersion = "Xcode 14.0";
			developmentRegion = en;
			hasScannedForEncodings = 0;
			knownRegions = (
				en,
				Base,
			);
			mainGroup = 5526D4CE2B69864200BCD570;
			productRefGroup = 5526D4D82B69864200BCD570 /* Products */;
			projectDirPath = "";
			projectRoot = "";
			targets = (
				5526D4D62B69864200BCD570 /* TinkoffCalculator */,
				5526D4EC2B69864300BCD570 /* TinkoffCalculatorTests */,
				5526D4F62B69864300BCD570 /* TinkoffCalculatorUITests */,
			);
		};
/* End PBXProject section */

/* Begin PBXResourcesBuildPhase section */
		5526D4D52B69864200BCD570 /* Resources */ = {
			isa = PBXResourcesBuildPhase;
			buildActionMask = 2147483647;
			files = (
				5526D4E72B69864300BCD570 /* LaunchScreen.storyboard in Resources */,
				5526D4E42B69864300BCD570 /* Assets.xcassets in Resources */,
				5508CCC92B855FD6006853B0 /* HistoryTableViewCell.xib in Resources */,
				5526D4E22B69864200BCD570 /* Main.storyboard in Resources */,
			);
			runOnlyForDeploymentPostprocessing = 0;
		};
		5526D4EB2B69864300BCD570 /* Resources */ = {
			isa = PBXResourcesBuildPhase;
			buildActionMask = 2147483647;
			files = (
			);
			runOnlyForDeploymentPostprocessing = 0;
		};
		5526D4F52B69864300BCD570 /* Resources */ = {
			isa = PBXResourcesBuildPhase;
			buildActionMask = 2147483647;
			files = (
			);
			runOnlyForDeploymentPostprocessing = 0;
		};
/* End PBXResourcesBuildPhase section */

/* Begin PBXSourcesBuildPhase section */
		5526D4D32B69864200BCD570 /* Sources */ = {
			isa = PBXSourcesBuildPhase;
			buildActionMask = 2147483647;
			files = (
				558B4F0A2B75802700B1B78F /* CalculationsListViewController.swift in Sources */,
				5526D4DF2B69864200BCD570 /* ViewController.swift in Sources */,
				5526D4DB2B69864200BCD570 /* AppDelegate.swift in Sources */,
				5526D4DD2B69864200BCD570 /* SceneDelegate.swift in Sources */,
				5508CCC72B855F26006853B0 /* HistoryTableViewCell.swift in Sources */,
				5551F45A2B869720007604C8 /* Storage.swift in Sources */,
			);
			runOnlyForDeploymentPostprocessing = 0;
		};
		5526D4E92B69864300BCD570 /* Sources */ = {
			isa = PBXSourcesBuildPhase;
			buildActionMask = 2147483647;
			files = (
				5526D4F22B69864300BCD570 /* TinkoffCalculatorTests.swift in Sources */,
			);
			runOnlyForDeploymentPostprocessing = 0;
		};
		5526D4F32B69864300BCD570 /* Sources */ = {
			isa = PBXSourcesBuildPhase;
			buildActionMask = 2147483647;
			files = (
				5526D4FE2B69864300BCD570 /* TinkoffCalculatorUITestsLaunchTests.swift in Sources */,
				5526D4FC2B69864300BCD570 /* TinkoffCalculatorUITests.swift in Sources */,
			);
			runOnlyForDeploymentPostprocessing = 0;
		};
/* End PBXSourcesBuildPhase section */

/* Begin PBXTargetDependency section */
		5526D4EF2B69864300BCD570 /* PBXTargetDependency */ = {
			isa = PBXTargetDependency;
			target = 5526D4D62B69864200BCD570 /* TinkoffCalculator */;
			targetProxy = 5526D4EE2B69864300BCD570 /* PBXContainerItemProxy */;
		};
		5526D4F92B69864300BCD570 /* PBXTargetDependency */ = {
			isa = PBXTargetDependency;
			target = 5526D4D62B69864200BCD570 /* TinkoffCalculator */;
			targetProxy = 5526D4F82B69864300BCD570 /* PBXContainerItemProxy */;
		};
/* End PBXTargetDependency section */

/* Begin PBXVariantGroup section */
		5526D4E02B69864200BCD570 /* Main.storyboard */ = {
			isa = PBXVariantGroup;
			children = (
				5526D4E12B69864200BCD570 /* Base */,
			);
			name = Main.storyboard;
			sourceTree = "<group>";
		};
		5526D4E52B69864300BCD570 /* LaunchScreen.storyboard */ = {
			isa = PBXVariantGroup;
			children = (
				5526D4E62B69864300BCD570 /* Base */,
			);
			name = LaunchScreen.storyboard;
			sourceTree = "<group>";
		};
/* End PBXVariantGroup section */

/* Begin XCBuildConfiguration section */
		5526D4FF2B69864300BCD570 /* Debug */ = {
			isa = XCBuildConfiguration;
			buildSettings = {
				ALWAYS_SEARCH_USER_PATHS = NO;
				ASSETCATALOG_COMPILER_GENERATE_SWIFT_ASSET_SYMBOL_EXTENSIONS = YES;
				CLANG_ANALYZER_NONNULL = YES;
				CLANG_ANALYZER_NUMBER_OBJECT_CONVERSION = YES_AGGRESSIVE;
				CLANG_CXX_LANGUAGE_STANDARD = "gnu++20";
				CLANG_ENABLE_MODULES = YES;
				CLANG_ENABLE_OBJC_ARC = YES;
				CLANG_ENABLE_OBJC_WEAK = YES;
				CLANG_WARN_BLOCK_CAPTURE_AUTORELEASING = YES;
				CLANG_WARN_BOOL_CONVERSION = YES;
				CLANG_WARN_COMMA = YES;
				CLANG_WARN_CONSTANT_CONVERSION = YES;
				CLANG_WARN_DEPRECATED_OBJC_IMPLEMENTATIONS = YES;
				CLANG_WARN_DIRECT_OBJC_ISA_USAGE = YES_ERROR;
				CLANG_WARN_DOCUMENTATION_COMMENTS = YES;
				CLANG_WARN_EMPTY_BODY = YES;
				CLANG_WARN_ENUM_CONVERSION = YES;
				CLANG_WARN_INFINITE_RECURSION = YES;
				CLANG_WARN_INT_CONVERSION = YES;
				CLANG_WARN_NON_LITERAL_NULL_CONVERSION = YES;
				CLANG_WARN_OBJC_IMPLICIT_RETAIN_SELF = YES;
				CLANG_WARN_OBJC_LITERAL_CONVERSION = YES;
				CLANG_WARN_OBJC_ROOT_CLASS = YES_ERROR;
				CLANG_WARN_QUOTED_INCLUDE_IN_FRAMEWORK_HEADER = YES;
				CLANG_WARN_RANGE_LOOP_ANALYSIS = YES;
				CLANG_WARN_STRICT_PROTOTYPES = YES;
				CLANG_WARN_SUSPICIOUS_MOVE = YES;
				CLANG_WARN_UNGUARDED_AVAILABILITY = YES_AGGRESSIVE;
				CLANG_WARN_UNREACHABLE_CODE = YES;
				CLANG_WARN__DUPLICATE_METHOD_MATCH = YES;
				COPY_PHASE_STRIP = NO;
				DEBUG_INFORMATION_FORMAT = dwarf;
				ENABLE_STRICT_OBJC_MSGSEND = YES;
				ENABLE_TESTABILITY = YES;
				ENABLE_USER_SCRIPT_SANDBOXING = YES;
				GCC_C_LANGUAGE_STANDARD = gnu17;
				GCC_DYNAMIC_NO_PIC = NO;
				GCC_NO_COMMON_BLOCKS = YES;
				GCC_OPTIMIZATION_LEVEL = 0;
				GCC_PREPROCESSOR_DEFINITIONS = (
					"DEBUG=1",
					"$(inherited)",
				);
				GCC_WARN_64_TO_32_BIT_CONVERSION = YES;
				GCC_WARN_ABOUT_RETURN_TYPE = YES_ERROR;
				GCC_WARN_UNDECLARED_SELECTOR = YES;
				GCC_WARN_UNINITIALIZED_AUTOS = YES_AGGRESSIVE;
				GCC_WARN_UNUSED_FUNCTION = YES;
				GCC_WARN_UNUSED_VARIABLE = YES;
				IPHONEOS_DEPLOYMENT_TARGET = 16.4;
				LOCALIZATION_PREFERS_STRING_CATALOGS = YES;
				MTL_ENABLE_DEBUG_INFO = INCLUDE_SOURCE;
				MTL_FAST_MATH = YES;
				ONLY_ACTIVE_ARCH = YES;
				SDKROOT = iphoneos;
				SWIFT_ACTIVE_COMPILATION_CONDITIONS = "DEBUG $(inherited)";
				SWIFT_OPTIMIZATION_LEVEL = "-Onone";
			};
			name = Debug;
		};
		5526D5002B69864300BCD570 /* Release */ = {
			isa = XCBuildConfiguration;
			buildSettings = {
				ALWAYS_SEARCH_USER_PATHS = NO;
				ASSETCATALOG_COMPILER_GENERATE_SWIFT_ASSET_SYMBOL_EXTENSIONS = YES;
				CLANG_ANALYZER_NONNULL = YES;
				CLANG_ANALYZER_NUMBER_OBJECT_CONVERSION = YES_AGGRESSIVE;
				CLANG_CXX_LANGUAGE_STANDARD = "gnu++20";
				CLANG_ENABLE_MODULES = YES;
				CLANG_ENABLE_OBJC_ARC = YES;
				CLANG_ENABLE_OBJC_WEAK = YES;
				CLANG_WARN_BLOCK_CAPTURE_AUTORELEASING = YES;
				CLANG_WARN_BOOL_CONVERSION = YES;
				CLANG_WARN_COMMA = YES;
				CLANG_WARN_CONSTANT_CONVERSION = YES;
				CLANG_WARN_DEPRECATED_OBJC_IMPLEMENTATIONS = YES;
				CLANG_WARN_DIRECT_OBJC_ISA_USAGE = YES_ERROR;
				CLANG_WARN_DOCUMENTATION_COMMENTS = YES;
				CLANG_WARN_EMPTY_BODY = YES;
				CLANG_WARN_ENUM_CONVERSION = YES;
				CLANG_WARN_INFINITE_RECURSION = YES;
				CLANG_WARN_INT_CONVERSION = YES;
				CLANG_WARN_NON_LITERAL_NULL_CONVERSION = YES;
				CLANG_WARN_OBJC_IMPLICIT_RETAIN_SELF = YES;
				CLANG_WARN_OBJC_LITERAL_CONVERSION = YES;
				CLANG_WARN_OBJC_ROOT_CLASS = YES_ERROR;
				CLANG_WARN_QUOTED_INCLUDE_IN_FRAMEWORK_HEADER = YES;
				CLANG_WARN_RANGE_LOOP_ANALYSIS = YES;
				CLANG_WARN_STRICT_PROTOTYPES = YES;
				CLANG_WARN_SUSPICIOUS_MOVE = YES;
				CLANG_WARN_UNGUARDED_AVAILABILITY = YES_AGGRESSIVE;
				CLANG_WARN_UNREACHABLE_CODE = YES;
				CLANG_WARN__DUPLICATE_METHOD_MATCH = YES;
				COPY_PHASE_STRIP = NO;
				DEBUG_INFORMATION_FORMAT = "dwarf-with-dsym";
				ENABLE_NS_ASSERTIONS = NO;
				ENABLE_STRICT_OBJC_MSGSEND = YES;
				ENABLE_USER_SCRIPT_SANDBOXING = YES;
				GCC_C_LANGUAGE_STANDARD = gnu17;
				GCC_NO_COMMON_BLOCKS = YES;
				GCC_WARN_64_TO_32_BIT_CONVERSION = YES;
				GCC_WARN_ABOUT_RETURN_TYPE = YES_ERROR;
				GCC_WARN_UNDECLARED_SELECTOR = YES;
				GCC_WARN_UNINITIALIZED_AUTOS = YES_AGGRESSIVE;
				GCC_WARN_UNUSED_FUNCTION = YES;
				GCC_WARN_UNUSED_VARIABLE = YES;
				IPHONEOS_DEPLOYMENT_TARGET = 16.4;
				LOCALIZATION_PREFERS_STRING_CATALOGS = YES;
				MTL_ENABLE_DEBUG_INFO = NO;
				MTL_FAST_MATH = YES;
				SDKROOT = iphoneos;
				SWIFT_COMPILATION_MODE = wholemodule;
				VALIDATE_PRODUCT = YES;
			};
			name = Release;
		};
		5526D5022B69864300BCD570 /* Debug */ = {
			isa = XCBuildConfiguration;
			buildSettings = {
				ASSETCATALOG_COMPILER_APPICON_NAME = AppIcon;
				ASSETCATALOG_COMPILER_GLOBAL_ACCENT_COLOR_NAME = AccentColor;
				CODE_SIGN_STYLE = Automatic;
				CURRENT_PROJECT_VERSION = 1;
				DEVELOPMENT_TEAM = 8RMR29VKMR;
				GENERATE_INFOPLIST_FILE = YES;
				INFOPLIST_FILE = TinkoffCalculator/Info.plist;
				INFOPLIST_KEY_UIApplicationSupportsIndirectInputEvents = YES;
				INFOPLIST_KEY_UILaunchStoryboardName = LaunchScreen;
				INFOPLIST_KEY_UIMainStoryboardFile = Main;
				INFOPLIST_KEY_UISupportedInterfaceOrientations_iPad = "UIInterfaceOrientationPortrait UIInterfaceOrientationPortraitUpsideDown UIInterfaceOrientationLandscapeLeft UIInterfaceOrientationLandscapeRight";
				INFOPLIST_KEY_UISupportedInterfaceOrientations_iPhone = "UIInterfaceOrientationPortrait UIInterfaceOrientationLandscapeLeft UIInterfaceOrientationLandscapeRight";
				LD_RUNPATH_SEARCH_PATHS = (
					"$(inherited)",
					"@executable_path/Frameworks",
				);
				MARKETING_VERSION = 1.0;
				PRODUCT_BUNDLE_IDENTIFIER = com.BrZahar.TinkoffCalculator;
				PRODUCT_NAME = "$(TARGET_NAME)";
				SWIFT_EMIT_LOC_STRINGS = YES;
				SWIFT_VERSION = 5.0;
				TARGETED_DEVICE_FAMILY = "1,2";
			};
			name = Debug;
		};
		5526D5032B69864300BCD570 /* Release */ = {
			isa = XCBuildConfiguration;
			buildSettings = {
				ASSETCATALOG_COMPILER_APPICON_NAME = AppIcon;
				ASSETCATALOG_COMPILER_GLOBAL_ACCENT_COLOR_NAME = AccentColor;
				CODE_SIGN_STYLE = Automatic;
				CURRENT_PROJECT_VERSION = 1;
				DEVELOPMENT_TEAM = 8RMR29VKMR;
				GENERATE_INFOPLIST_FILE = YES;
				INFOPLIST_FILE = TinkoffCalculator/Info.plist;
				INFOPLIST_KEY_UIApplicationSupportsIndirectInputEvents = YES;
				INFOPLIST_KEY_UILaunchStoryboardName = LaunchScreen;
				INFOPLIST_KEY_UIMainStoryboardFile = Main;
				INFOPLIST_KEY_UISupportedInterfaceOrientations_iPad = "UIInterfaceOrientationPortrait UIInterfaceOrientationPortraitUpsideDown UIInterfaceOrientationLandscapeLeft UIInterfaceOrientationLandscapeRight";
				INFOPLIST_KEY_UISupportedInterfaceOrientations_iPhone = "UIInterfaceOrientationPortrait UIInterfaceOrientationLandscapeLeft UIInterfaceOrientationLandscapeRight";
				LD_RUNPATH_SEARCH_PATHS = (
					"$(inherited)",
					"@executable_path/Frameworks",
				);
				MARKETING_VERSION = 1.0;
				PRODUCT_BUNDLE_IDENTIFIER = com.BrZahar.TinkoffCalculator;
				PRODUCT_NAME = "$(TARGET_NAME)";
				SWIFT_EMIT_LOC_STRINGS = YES;
				SWIFT_VERSION = 5.0;
				TARGETED_DEVICE_FAMILY = "1,2";
			};
			name = Release;
		};
		5526D5052B69864300BCD570 /* Debug */ = {
			isa = XCBuildConfiguration;
			buildSettings = {
				ALWAYS_EMBED_SWIFT_STANDARD_LIBRARIES = YES;
				BUNDLE_LOADER = "$(TEST_HOST)";
				CODE_SIGN_STYLE = Automatic;
				CURRENT_PROJECT_VERSION = 1;
				DEVELOPMENT_TEAM = 8RMR29VKMR;
				GENERATE_INFOPLIST_FILE = YES;
				IPHONEOS_DEPLOYMENT_TARGET = 16.4;
				MARKETING_VERSION = 1.0;
				PRODUCT_BUNDLE_IDENTIFIER = com.BrZahar.TinkoffCalculatorTests;
				PRODUCT_NAME = "$(TARGET_NAME)";
				SWIFT_EMIT_LOC_STRINGS = NO;
				SWIFT_VERSION = 5.0;
				TARGETED_DEVICE_FAMILY = "1,2";
				TEST_HOST = "$(BUILT_PRODUCTS_DIR)/TinkoffCalculator.app/$(BUNDLE_EXECUTABLE_FOLDER_PATH)/TinkoffCalculator";
			};
			name = Debug;
		};
		5526D5062B69864300BCD570 /* Release */ = {
			isa = XCBuildConfiguration;
			buildSettings = {
				ALWAYS_EMBED_SWIFT_STANDARD_LIBRARIES = YES;
				BUNDLE_LOADER = "$(TEST_HOST)";
				CODE_SIGN_STYLE = Automatic;
				CURRENT_PROJECT_VERSION = 1;
				DEVELOPMENT_TEAM = 8RMR29VKMR;
				GENERATE_INFOPLIST_FILE = YES;
				IPHONEOS_DEPLOYMENT_TARGET = 16.4;
				MARKETING_VERSION = 1.0;
				PRODUCT_BUNDLE_IDENTIFIER = com.BrZahar.TinkoffCalculatorTests;
				PRODUCT_NAME = "$(TARGET_NAME)";
				SWIFT_EMIT_LOC_STRINGS = NO;
				SWIFT_VERSION = 5.0;
				TARGETED_DEVICE_FAMILY = "1,2";
				TEST_HOST = "$(BUILT_PRODUCTS_DIR)/TinkoffCalculator.app/$(BUNDLE_EXECUTABLE_FOLDER_PATH)/TinkoffCalculator";
			};
			name = Release;
		};
		5526D5082B69864300BCD570 /* Debug */ = {
			isa = XCBuildConfiguration;
			buildSettings = {
				ALWAYS_EMBED_SWIFT_STANDARD_LIBRARIES = YES;
				CODE_SIGN_STYLE = Automatic;
				CURRENT_PROJECT_VERSION = 1;
				DEVELOPMENT_TEAM = 8RMR29VKMR;
				GENERATE_INFOPLIST_FILE = YES;
				MARKETING_VERSION = 1.0;
				PRODUCT_BUNDLE_IDENTIFIER = com.BrZahar.TinkoffCalculatorUITests;
				PRODUCT_NAME = "$(TARGET_NAME)";
				SWIFT_EMIT_LOC_STRINGS = NO;
				SWIFT_VERSION = 5.0;
				TARGETED_DEVICE_FAMILY = "1,2";
				TEST_TARGET_NAME = TinkoffCalculator;
			};
			name = Debug;
		};
		5526D5092B69864300BCD570 /* Release */ = {
			isa = XCBuildConfiguration;
			buildSettings = {
				ALWAYS_EMBED_SWIFT_STANDARD_LIBRARIES = YES;
				CODE_SIGN_STYLE = Automatic;
				CURRENT_PROJECT_VERSION = 1;
				DEVELOPMENT_TEAM = 8RMR29VKMR;
				GENERATE_INFOPLIST_FILE = YES;
				MARKETING_VERSION = 1.0;
				PRODUCT_BUNDLE_IDENTIFIER = com.BrZahar.TinkoffCalculatorUITests;
				PRODUCT_NAME = "$(TARGET_NAME)";
				SWIFT_EMIT_LOC_STRINGS = NO;
				SWIFT_VERSION = 5.0;
				TARGETED_DEVICE_FAMILY = "1,2";
				TEST_TARGET_NAME = TinkoffCalculator;
			};
			name = Release;
		};
/* End XCBuildConfiguration section */

/* Begin XCConfigurationList section */
		5526D4D22B69864200BCD570 /* Build configuration list for PBXProject "TinkoffCalculator" */ = {
			isa = XCConfigurationList;
			buildConfigurations = (
				5526D4FF2B69864300BCD570 /* Debug */,
				5526D5002B69864300BCD570 /* Release */,
			);
			defaultConfigurationIsVisible = 0;
			defaultConfigurationName = Release;
		};
		5526D5012B69864300BCD570 /* Build configuration list for PBXNativeTarget "TinkoffCalculator" */ = {
			isa = XCConfigurationList;
			buildConfigurations = (
				5526D5022B69864300BCD570 /* Debug */,
				5526D5032B69864300BCD570 /* Release */,
			);
			defaultConfigurationIsVisible = 0;
			defaultConfigurationName = Release;
		};
		5526D5042B69864300BCD570 /* Build configuration list for PBXNativeTarget "TinkoffCalculatorTests" */ = {
			isa = XCConfigurationList;
			buildConfigurations = (
				5526D5052B69864300BCD570 /* Debug */,
				5526D5062B69864300BCD570 /* Release */,
			);
			defaultConfigurationIsVisible = 0;
			defaultConfigurationName = Release;
		};
		5526D5072B69864300BCD570 /* Build configuration list for PBXNativeTarget "TinkoffCalculatorUITests" */ = {
			isa = XCConfigurationList;
			buildConfigurations = (
				5526D5082B69864300BCD570 /* Debug */,
				5526D5092B69864300BCD570 /* Release */,
			);
			defaultConfigurationIsVisible = 0;
			defaultConfigurationName = Release;
		};
/* End XCConfigurationList section */
	};
	rootObject = 5526D4CF2B69864200BCD570 /* Project object */;
}
